
Microsoft Visual Studio Solution File, Format Version 12.00
# Visual Studio Version 16
VisualStudioVersion = 16.0.30225.117
MinimumVisualStudioVersion = 10.0.40219.1
Project("{FAE04EC0-301F-11D3-BF4B-00C04F79EFBC}") = "LoveTrips.UI.Droid", "LoveTrips.UI.Droid\LoveTrips.UI.Droid.csproj", "{920D76BA-B432-405C-BEA2-FA3281C64DEC}"
EndProject
Project("{9A19103F-16F7-4668-BE54-9A1E7A4F7556}") = "LoveTrips.Core", "LoveTrips.Core\LoveTrips.Core.csproj", "{35D3E984-52A4-47F9-B71D-805C8F178ACA}"
EndProject
Global
	GlobalSection(SolutionConfigurationPlatforms) = preSolution
		Debug|Any CPU = Debug|Any CPU
		Release|Any CPU = Release|Any CPU
	EndGlobalSection
	GlobalSection(ProjectConfigurationPlatforms) = postSolution
		{920D76BA-B432-405C-BEA2-FA3281C64DEC}.Debug|Any CPU.ActiveCfg = Debug|Any CPU
		{920D76BA-B432-405C-BEA2-FA3281C64DEC}.Debug|Any CPU.Build.0 = Debug|Any CPU
		{920D76BA-B432-405C-BEA2-FA3281C64DEC}.Debug|Any CPU.Deploy.0 = Debug|Any CPU
		{920D76BA-B432-405C-BEA2-FA3281C64DEC}.Release|Any CPU.ActiveCfg = Release|Any CPU
		{920D76BA-B432-405C-BEA2-FA3281C64DEC}.Release|Any CPU.Build.0 = Release|Any CPU
		{920D76BA-B432-405C-BEA2-FA3281C64DEC}.Release|Any CPU.Deploy.0 = Release|Any CPU
		{35D3E984-52A4-47F9-B71D-805C8F178ACA}.Debug|Any CPU.ActiveCfg = Debug|Any CPU
		{35D3E984-52A4-47F9-B71D-805C8F178ACA}.Debug|Any CPU.Build.0 = Debug|Any CPU
		{35D3E984-52A4-47F9-B71D-805C8F178ACA}.Release|Any CPU.ActiveCfg = Release|Any CPU
		{35D3E984-52A4-47F9-B71D-805C8F178ACA}.Release|Any CPU.Build.0 = Release|Any CPU
	EndGlobalSection
	GlobalSection(SolutionProperties) = preSolution
		HideSolutionNode = FALSE
	EndGlobalSection
	GlobalSection(ExtensibilityGlobals) = postSolution
		SolutionGuid = {B21F404A-F64D-4BDA-9837-4AC3E341EC0A}
	EndGlobalSection
EndGlobal
